
Microsoft Visual Studio Solution File, Format Version 12.00
# Visual Studio Version 17
VisualStudioVersion = 17.4.33213.308
MinimumVisualStudioVersion = 10.0.40219.1
Project("{FAE04EC0-301F-11D3-BF4B-00C04F79EFBC}") = "CoreLearningWebAPI", "CoreLearningWebAPI\CoreLearningWebAPI.csproj", "{AB60BC2B-B88E-4427-8DAD-1AC1E1109F21}"
EndProject
Global
	GlobalSection(SolutionConfigurationPlatforms) = preSolution
		Debug|Any CPU = Debug|Any CPU
		Release|Any CPU = Release|Any CPU
	EndGlobalSection
	GlobalSection(ProjectConfigurationPlatforms) = postSolution
		{AB60BC2B-B88E-4427-8DAD-1AC1E1109F21}.Debug|Any CPU.ActiveCfg = Debug|Any CPU
		{AB60BC2B-B88E-4427-8DAD-1AC1E1109F21}.Debug|Any CPU.Build.0 = Debug|Any CPU
		{AB60BC2B-B88E-4427-8DAD-1AC1E1109F21}.Release|Any CPU.ActiveCfg = Release|Any CPU
		{AB60BC2B-B88E-4427-8DAD-1AC1E1109F21}.Release|Any CPU.Build.0 = Release|Any CPU
	EndGlobalSection
	GlobalSection(SolutionProperties) = preSolution
		HideSolutionNode = FALSE
	EndGlobalSection
	GlobalSection(ExtensibilityGlobals) = postSolution
		SolutionGuid = {F4651F32-A264-4E02-8105-AD4167FCB3D6}
	EndGlobalSection
EndGlobal
